
Microsoft Visual Studio Solution File, Format Version 12.00
# Visual Studio 15
VisualStudioVersion = 15.0.33529.398
MinimumVisualStudioVersion = 10.0.40219.1
Project("{FAE04EC0-301F-11D3-BF4B-00C04F79EFBC}") = "Raudonakmenis", "Raudonakmenis\Raudonakmenis.csproj", "{2CC95EA9-A9E4-4321-AD62-17D0AECF02DA}"
EndProject
Global
	GlobalSection(SolutionConfigurationPlatforms) = preSolution
		Debug|Any CPU = Debug|Any CPU
		Release|Any CPU = Release|Any CPU
	EndGlobalSection
	GlobalSection(ProjectConfigurationPlatforms) = postSolution
		{2CC95EA9-A9E4-4321-AD62-17D0AECF02DA}.Debug|Any CPU.ActiveCfg = Debug|Any CPU
		{2CC95EA9-A9E4-4321-AD62-17D0AECF02DA}.Debug|Any CPU.Build.0 = Debug|Any CPU
		{2CC95EA9-A9E4-4321-AD62-17D0AECF02DA}.Release|Any CPU.ActiveCfg = Release|Any CPU
		{2CC95EA9-A9E4-4321-AD62-17D0AECF02DA}.Release|Any CPU.Build.0 = Release|Any CPU
	EndGlobalSection
	GlobalSection(SolutionProperties) = preSolution
		HideSolutionNode = FALSE
	EndGlobalSection
	GlobalSection(ExtensibilityGlobals) = postSolution
		SolutionGuid = {FC8EA771-47FC-4899-AE4F-471C2B009633}
	EndGlobalSection
EndGlobal
